{
  "name": "mth-pages",
  "lockfileVersion": 2,
  "requires": true,
  "packages": {
    "": {
      "name": "mth-pages",
      "dependencies": {
        "fluent-svelte": "^1.5.1",
        "iso-639-1": "^2.1.13"
      }
    },
    "node_modules/fluent-svelte": {
      "version": "1.6.0",
      "resolved": "https://registry.npmjs.org/fluent-svelte/-/fluent-svelte-1.6.0.tgz",
      "integrity": "sha512-z+QUvfAzh3t0bpiURO6f2eciZPnPPwl1pZe+sAYM8A8vUDSAHH8D0U4+VT+OHA16PEAd2DYVdPyJqM27ly5lxQ==",
      "dependencies": {
        "focus-trap": "^6.7.3",
        "tabbable": "^5.2.1"
      }
    },
    "node_modules/focus-trap": {
      "version": "6.9.3",
      "resolved": "https://registry.npmjs.org/focus-trap/-/focus-trap-6.9.3.tgz",
      "integrity": "sha512-sUXiHx0QbF8SQMZGdxpu8V8zPcXx0BkU6Fj7t14csEknkcH1pnxorhhh1PfSaGjJj6gj3yiBRPxBV/qoHege3w==",
      "dependencies": {
        "tabbable": "^5.3.3"
      }
    },
    "node_modules/iso-639-1": {
      "version": "2.1.14",
      "resolved": "https://registry.npmjs.org/iso-639-1/-/iso-639-1-2.1.14.tgz",
      "integrity": "sha512-nekI+mmtSpYySPXIXJtWhv/s+06nAU9wQzq4QPu3YSEMmjnkOoippPY+MEdqDP0Pie8/LsOFEuPbUHslLanDag==",
      "engines": {
        "node": ">=6.0"
      }
    },
    "node_modules/tabbable": {
      "version": "5.3.3",
      "resolved": "https://registry.npmjs.org/tabbable/-/tabbable-5.3.3.tgz",
      "integrity": "sha512-QD9qKY3StfbZqWOPLp0++pOrAVb/HbUi5xCc8cUo4XjP19808oaMiDzn0leBY5mCespIBM0CIZePzZjgzR83kA=="
    }
  },
  "dependencies": {
    "fluent-svelte": {
      "version": "1.6.0",
      "resolved": "https://registry.npmjs.org/fluent-svelte/-/fluent-svelte-1.6.0.tgz",
      "integrity": "sha512-z+QUvfAzh3t0bpiURO6f2eciZPnPPwl1pZe+sAYM8A8vUDSAHH8D0U4+VT+OHA16PEAd2DYVdPyJqM27ly5lxQ==",
      "requires": {
        "focus-trap": "^6.7.3",
        "tabbable": "^5.2.1"
      }
    },
    "focus-trap": {
      "version": "6.9.3",
      "resolved": "https://registry.npmjs.org/focus-trap/-/focus-trap-6.9.3.tgz",
      "integrity": "sha512-sUXiHx0QbF8SQMZGdxpu8V8zPcXx0BkU6Fj7t14csEknkcH1pnxorhhh1PfSaGjJj6gj3yiBRPxBV/qoHege3w==",
      "requires": {
        "tabbable": "^5.3.3"
      }
    },
    "iso-639-1": {
      "version": "2.1.14",
      "resolved": "https://registry.npmjs.org/iso-639-1/-/iso-639-1-2.1.14.tgz",
      "integrity": "sha512-nekI+mmtSpYySPXIXJtWhv/s+06nAU9wQzq4QPu3YSEMmjnkOoippPY+MEdqDP0Pie8/LsOFEuPbUHslLanDag=="
    },
    "tabbable": {
      "version": "5.3.3",
      "resolved": "https://registry.npmjs.org/tabbable/-/tabbable-5.3.3.tgz",
      "integrity": "sha512-QD9qKY3StfbZqWOPLp0++pOrAVb/HbUi5xCc8cUo4XjP19808oaMiDzn0leBY5mCespIBM0CIZePzZjgzR83kA=="
    }
  }
}
