{
  "name": "mth-pages",
  "lockfileVersion": 2,
  "requires": true,
  "packages": {
    "": {
      "name": "mth-pages",
      "dependencies": {
        "fluent-svelte": "^1.5.1"
      }
    },
    "node_modules/fluent-svelte": {
      "version": "1.5.1",
      "resolved": "https://registry.npmjs.org/fluent-svelte/-/fluent-svelte-1.5.1.tgz",
      "integrity": "sha512-aiA/N2/wnKd0h3Nz/2ah9TBxpezY2R4SUMpqrGhHzG1yehSz8hsRYVS6f8ZWKruu7dZDCPD0Pei+Nwtmym0FBA==",
      "dependencies": {
        "focus-trap": "^6.7.3",
        "tabbable": "^5.2.1"
      }
    },
    "node_modules/focus-trap": {
      "version": "6.9.3",
      "resolved": "https://registry.npmjs.org/focus-trap/-/focus-trap-6.9.3.tgz",
      "integrity": "sha512-sUXiHx0QbF8SQMZGdxpu8V8zPcXx0BkU6Fj7t14csEknkcH1pnxorhhh1PfSaGjJj6gj3yiBRPxBV/qoHege3w==",
      "dependencies": {
        "tabbable": "^5.3.3"
      }
    },
    "node_modules/tabbable": {
      "version": "5.3.3",
      "resolved": "https://registry.npmjs.org/tabbable/-/tabbable-5.3.3.tgz",
      "integrity": "sha512-QD9qKY3StfbZqWOPLp0++pOrAVb/HbUi5xCc8cUo4XjP19808oaMiDzn0leBY5mCespIBM0CIZePzZjgzR83kA=="
    }
  },
  "dependencies": {
    "fluent-svelte": {
      "version": "1.5.1",
      "resolved": "https://registry.npmjs.org/fluent-svelte/-/fluent-svelte-1.5.1.tgz",
      "integrity": "sha512-aiA/N2/wnKd0h3Nz/2ah9TBxpezY2R4SUMpqrGhHzG1yehSz8hsRYVS6f8ZWKruu7dZDCPD0Pei+Nwtmym0FBA==",
      "requires": {
        "focus-trap": "^6.7.3",
        "tabbable": "^5.2.1"
      }
    },
    "focus-trap": {
      "version": "6.9.3",
      "resolved": "https://registry.npmjs.org/focus-trap/-/focus-trap-6.9.3.tgz",
      "integrity": "sha512-sUXiHx0QbF8SQMZGdxpu8V8zPcXx0BkU6Fj7t14csEknkcH1pnxorhhh1PfSaGjJj6gj3yiBRPxBV/qoHege3w==",
      "requires": {
        "tabbable": "^5.3.3"
      }
    },
    "tabbable": {
      "version": "5.3.3",
      "resolved": "https://registry.npmjs.org/tabbable/-/tabbable-5.3.3.tgz",
      "integrity": "sha512-QD9qKY3StfbZqWOPLp0++pOrAVb/HbUi5xCc8cUo4XjP19808oaMiDzn0leBY5mCespIBM0CIZePzZjgzR83kA=="
    }
  }
}
